{
  "name": "components",
  "version": "0.0.1",
  "lockfileVersion": 1,
  "requires": true,
  "dependencies": {
    "photon-colors": {
      "version": "3.0.0",
      "resolved": "https://registry.npmjs.org/photon-colors/-/photon-colors-3.0.0.tgz",
      "integrity": "sha512-V+Usj2+358n32ATXRYzY8JM+MgDlDpi4LMLqEDsvQvkJs6hHwSZpcMB6pNrppIJOBkSKjGZc8l29B6Cm0O1j8w=="
    }
  }
}
